{
    "_readme": [
        "This file locks the dependencies of your project to a known state",
        "Read more about it at https://getcomposer.org/doc/01-basic-usage.md#installing-dependencies",
        "This file is @generated automatically"
    ],
    "content-hash": "e26c407da59c2420c84d986e9bec15e0",
    "packages": [
        {
            "name": "easyswoole/swoole-ide-helper",
            "version": "1.03",
            "source": {
                "type": "git",
                "url": "https://github.com/easy-swoole/swoole-ide-helper.git",
                "reference": "3b84225386ea75b5695bcc1704c756b421d36e78"
            },
            "dist": {
                "type": "zip",
                "url": "https://api.github.com/repos/easy-swoole/swoole-ide-helper/zipball/3b84225386ea75b5695bcc1704c756b421d36e78",
                "reference": "3b84225386ea75b5695bcc1704c756b421d36e78",
                "shasum": "",
                "mirrors": [
                    {
                        "url": "https://dl.laravel-china.org/%package%/%reference%.%type%",
                        "preferred": true
                    }
                ]
            },
            "type": "library",
            "autoload": {
                "psr-4": {
                    "Swoole\\": "src/"
                }
            },
            "notification-url": "https://packagist.org/downloads/",
            "authors": [
                {
                    "name": "eagle",
                    "email": "eaglewudi@gmail.com"
                }
            ],
            "description": "Swoole 在IDE下自动识别类、函数、宏，自动补全函数名，为了国内加速完整克隆的镜像",
            "time": "2018-08-24T08:07:50+00:00"
        }
    ],
    "packages-dev": [],
    "aliases": [],
    "minimum-stability": "stable",
    "stability-flags": [],
    "prefer-stable": false,
    "prefer-lowest": false,
    "platform": [],
    "platform-dev": []
}
